
Microsoft Visual Studio Solution File, Format Version 12.00
# Visual Studio 15
VisualStudioVersion = 15.0.26430.6
MinimumVisualStudioVersion = 10.0.40219.1
Project("{9A19103F-16F7-4668-BE54-9A1E7A4F7556}") = "ConsoleApp", "ConsoleApp1\ConsoleApp.csproj", "{64DEAB48-98BE-497F-B791-F6169ADEB4F7}"
EndProject
Project("{9A19103F-16F7-4668-BE54-9A1E7A4F7556}") = "SPMG.Lib", "CoreTest\SPMG.Lib.csproj", "{D5622441-DB2C-4FE4-853A-19A22B41B16F}"
EndProject
Project("{9A19103F-16F7-4668-BE54-9A1E7A4F7556}") = "WebApplication", "WebApplication1\WebApplication.csproj", "{360F2BDD-1457-47A2-95EE-3082D814C25A}"
EndProject
Global
	GlobalSection(SolutionConfigurationPlatforms) = preSolution
		Debug|Any CPU = Debug|Any CPU
		Release|Any CPU = Release|Any CPU
	EndGlobalSection
	GlobalSection(ProjectConfigurationPlatforms) = postSolution
		{64DEAB48-98BE-497F-B791-F6169ADEB4F7}.Debug|Any CPU.ActiveCfg = Debug|Any CPU
		{64DEAB48-98BE-497F-B791-F6169ADEB4F7}.Debug|Any CPU.Build.0 = Debug|Any CPU
		{64DEAB48-98BE-497F-B791-F6169ADEB4F7}.Release|Any CPU.ActiveCfg = Release|Any CPU
		{64DEAB48-98BE-497F-B791-F6169ADEB4F7}.Release|Any CPU.Build.0 = Release|Any CPU
		{D5622441-DB2C-4FE4-853A-19A22B41B16F}.Debug|Any CPU.ActiveCfg = Debug|Any CPU
		{D5622441-DB2C-4FE4-853A-19A22B41B16F}.Debug|Any CPU.Build.0 = Debug|Any CPU
		{D5622441-DB2C-4FE4-853A-19A22B41B16F}.Release|Any CPU.ActiveCfg = Release|Any CPU
		{D5622441-DB2C-4FE4-853A-19A22B41B16F}.Release|Any CPU.Build.0 = Release|Any CPU
		{360F2BDD-1457-47A2-95EE-3082D814C25A}.Debug|Any CPU.ActiveCfg = Debug|Any CPU
		{360F2BDD-1457-47A2-95EE-3082D814C25A}.Debug|Any CPU.Build.0 = Debug|Any CPU
		{360F2BDD-1457-47A2-95EE-3082D814C25A}.Release|Any CPU.ActiveCfg = Release|Any CPU
		{360F2BDD-1457-47A2-95EE-3082D814C25A}.Release|Any CPU.Build.0 = Release|Any CPU
	EndGlobalSection
	GlobalSection(SolutionProperties) = preSolution
		HideSolutionNode = FALSE
	EndGlobalSection
	GlobalSection(ExtensibilityGlobals) = postSolution
		SolutionGuid = {E20DFF41-168E-4834-8773-7B08B8F5DC8B}
	EndGlobalSection
EndGlobal
